
Microsoft Visual Studio Solution File, Format Version 12.00
# Visual Studio Version 17
VisualStudioVersion = 17.5.002.0
MinimumVisualStudioVersion = 10.0.40219.1
Project("{9A19103F-16F7-4668-BE54-9A1E7A4F7556}") = "CompanyFormBackend", "CompanyFormBackend.csproj", "{7C60A8A0-AEDB-4293-9BAD-524938ED39F2}"
EndProject
Global
	GlobalSection(SolutionConfigurationPlatforms) = preSolution
		Debug|Any CPU = Debug|Any CPU
		Release|Any CPU = Release|Any CPU
	EndGlobalSection
	GlobalSection(ProjectConfigurationPlatforms) = postSolution
		{7C60A8A0-AEDB-4293-9BAD-524938ED39F2}.Debug|Any CPU.ActiveCfg = Debug|Any CPU
		{7C60A8A0-AEDB-4293-9BAD-524938ED39F2}.Debug|Any CPU.Build.0 = Debug|Any CPU
		{7C60A8A0-AEDB-4293-9BAD-524938ED39F2}.Release|Any CPU.ActiveCfg = Release|Any CPU
		{7C60A8A0-AEDB-4293-9BAD-524938ED39F2}.Release|Any CPU.Build.0 = Release|Any CPU
	EndGlobalSection
	GlobalSection(SolutionProperties) = preSolution
		HideSolutionNode = FALSE
	EndGlobalSection
	GlobalSection(ExtensibilityGlobals) = postSolution
		SolutionGuid = {C431EB32-5B6C-4419-8BA7-2E176F46EDDD}
	EndGlobalSection
EndGlobal
